
Microsoft Visual Studio Solution File, Format Version 12.00
# Visual Studio Version 16
VisualStudioVersion = 16.0.31515.178
MinimumVisualStudioVersion = 10.0.40219.1
Project("{FAE04EC0-301F-11D3-BF4B-00C04F79EFBC}") = "TicketBilling", "TicketBilling\TicketBilling.csproj", "{BCB471D7-9E46-48B4-98A2-90349E051943}"
EndProject
Global
	GlobalSection(SolutionConfigurationPlatforms) = preSolution
		Debug|Any CPU = Debug|Any CPU
		Release|Any CPU = Release|Any CPU
	EndGlobalSection
	GlobalSection(ProjectConfigurationPlatforms) = postSolution
		{BCB471D7-9E46-48B4-98A2-90349E051943}.Debug|Any CPU.ActiveCfg = Debug|Any CPU
		{BCB471D7-9E46-48B4-98A2-90349E051943}.Debug|Any CPU.Build.0 = Debug|Any CPU
		{BCB471D7-9E46-48B4-98A2-90349E051943}.Release|Any CPU.ActiveCfg = Release|Any CPU
		{BCB471D7-9E46-48B4-98A2-90349E051943}.Release|Any CPU.Build.0 = Release|Any CPU
	EndGlobalSection
	GlobalSection(SolutionProperties) = preSolution
		HideSolutionNode = FALSE
	EndGlobalSection
	GlobalSection(ExtensibilityGlobals) = postSolution
		SolutionGuid = {94BCD776-8052-4345-922B-0745D964F4E0}
	EndGlobalSection
EndGlobal
